
Microsoft Visual Studio Solution File, Format Version 12.00
# Visual Studio Version 17
VisualStudioVersion = 17.2.32616.157
MinimumVisualStudioVersion = 10.0.40219.1
Project("{FAE04EC0-301F-11D3-BF4B-00C04F79EFBC}") = "11AkisKontrol", "11AkisKontrol.csproj", "{B7B6B811-BD74-446B-BD03-AE021593736F}"
EndProject
Global
	GlobalSection(SolutionConfigurationPlatforms) = preSolution
		Debug|Any CPU = Debug|Any CPU
		Release|Any CPU = Release|Any CPU
	EndGlobalSection
	GlobalSection(ProjectConfigurationPlatforms) = postSolution
		{B7B6B811-BD74-446B-BD03-AE021593736F}.Debug|Any CPU.ActiveCfg = Debug|Any CPU
		{B7B6B811-BD74-446B-BD03-AE021593736F}.Debug|Any CPU.Build.0 = Debug|Any CPU
		{B7B6B811-BD74-446B-BD03-AE021593736F}.Release|Any CPU.ActiveCfg = Release|Any CPU
		{B7B6B811-BD74-446B-BD03-AE021593736F}.Release|Any CPU.Build.0 = Release|Any CPU
	EndGlobalSection
	GlobalSection(SolutionProperties) = preSolution
		HideSolutionNode = FALSE
	EndGlobalSection
	GlobalSection(ExtensibilityGlobals) = postSolution
		SolutionGuid = {90C002A4-529D-4C8C-9581-55D0AD006983}
	EndGlobalSection
EndGlobal
