
Microsoft Visual Studio Solution File, Format Version 12.00
# Visual Studio Version 17
VisualStudioVersion = 17.2.32630.192
MinimumVisualStudioVersion = 10.0.40219.1
Project("{FAE04EC0-301F-11D3-BF4B-00C04F79EFBC}") = "16Tekrar", "16Tekrar.csproj", "{F33B01F9-8336-4FBF-86C5-3011D922FC1B}"
EndProject
Global
	GlobalSection(SolutionConfigurationPlatforms) = preSolution
		Debug|Any CPU = Debug|Any CPU
		Release|Any CPU = Release|Any CPU
	EndGlobalSection
	GlobalSection(ProjectConfigurationPlatforms) = postSolution
		{F33B01F9-8336-4FBF-86C5-3011D922FC1B}.Debug|Any CPU.ActiveCfg = Debug|Any CPU
		{F33B01F9-8336-4FBF-86C5-3011D922FC1B}.Debug|Any CPU.Build.0 = Debug|Any CPU
		{F33B01F9-8336-4FBF-86C5-3011D922FC1B}.Release|Any CPU.ActiveCfg = Release|Any CPU
		{F33B01F9-8336-4FBF-86C5-3011D922FC1B}.Release|Any CPU.Build.0 = Release|Any CPU
	EndGlobalSection
	GlobalSection(SolutionProperties) = preSolution
		HideSolutionNode = FALSE
	EndGlobalSection
	GlobalSection(ExtensibilityGlobals) = postSolution
		SolutionGuid = {BE327AAA-C08C-436E-B480-EAAFE4B96A43}
	EndGlobalSection
EndGlobal
