
Microsoft Visual Studio Solution File, Format Version 12.00
# Visual Studio Version 17
VisualStudioVersion = 17.3.32901.215
MinimumVisualStudioVersion = 10.0.40219.1
Project("{FAE04EC0-301F-11D3-BF4B-00C04F79EFBC}") = "46Tekrar", "46Tekrar.csproj", "{22602EF4-47E3-4607-9CB8-68D49B10089D}"
EndProject
Global
	GlobalSection(SolutionConfigurationPlatforms) = preSolution
		Debug|Any CPU = Debug|Any CPU
		Release|Any CPU = Release|Any CPU
	EndGlobalSection
	GlobalSection(ProjectConfigurationPlatforms) = postSolution
		{22602EF4-47E3-4607-9CB8-68D49B10089D}.Debug|Any CPU.ActiveCfg = Debug|Any CPU
		{22602EF4-47E3-4607-9CB8-68D49B10089D}.Debug|Any CPU.Build.0 = Debug|Any CPU
		{22602EF4-47E3-4607-9CB8-68D49B10089D}.Release|Any CPU.ActiveCfg = Release|Any CPU
		{22602EF4-47E3-4607-9CB8-68D49B10089D}.Release|Any CPU.Build.0 = Release|Any CPU
	EndGlobalSection
	GlobalSection(SolutionProperties) = preSolution
		HideSolutionNode = FALSE
	EndGlobalSection
	GlobalSection(ExtensibilityGlobals) = postSolution
		SolutionGuid = {21934EF3-983F-404B-8A9E-1AF8FD7932F4}
	EndGlobalSection
EndGlobal
